// !$*UTF8*$!
{
	archiveVersion = 1;
	classes = {
	};
	objectVersion = 50;
	objects = {

/* Begin PBXBuildFile section */
		C13D0AE020EA1189000F3677 /* UIColor.swift in Sources */ = {isa = PBXBuildFile; fileRef = C13D0ADF20EA1188000F3677 /* UIColor.swift */; };
		C13D0AE220EA11A0000F3677 /* String.swift in Sources */ = {isa = PBXBuildFile; fileRef = C13D0AE120EA11A0000F3677 /* String.swift */; };
		C15E10A420F67884001005D3 /* SchemeControllerNew.swift in Sources */ = {isa = PBXBuildFile; fileRef = C15E10A320F67884001005D3 /* SchemeControllerNew.swift */; };
		C15E10A920F681B2001005D3 /* InfoTableViewCell.swift in Sources */ = {isa = PBXBuildFile; fileRef = C15E10A720F681B2001005D3 /* InfoTableViewCell.swift */; };
		C15E10AA20F681B2001005D3 /* InfoTableViewCell.xib in Resources */ = {isa = PBXBuildFile; fileRef = C15E10A820F681B2001005D3 /* InfoTableViewCell.xib */; };
		C15F0A5720BFCEC4002BED6F /* Cells.swift in Sources */ = {isa = PBXBuildFile; fileRef = C15F0A5620BFCEC4002BED6F /* Cells.swift */; };
		C19EC14720BFED230069BCEF /* SchemeCell.swift in Sources */ = {isa = PBXBuildFile; fileRef = C19EC14620BFED230069BCEF /* SchemeCell.swift */; };
		C1AE266120F33B53001B60F8 /* StringProtocol.swift in Sources */ = {isa = PBXBuildFile; fileRef = C1AE266020F33B53001B60F8 /* StringProtocol.swift */; };
		C1BFA49120C64CF700FA366C /* SchemesListModel.swift in Sources */ = {isa = PBXBuildFile; fileRef = C1BFA49020C64CF700FA366C /* SchemesListModel.swift */; };
		C1BFA49520C6520D00FA366C /* Model.xcdatamodeld in Sources */ = {isa = PBXBuildFile; fileRef = C1BFA49320C6520D00FA366C /* Model.xcdatamodeld */; };
		C1BFA4A420C6553600FA366C /* SchemeMO+CoreDataClass.swift in Sources */ = {isa = PBXBuildFile; fileRef = C1BFA4A220C6553600FA366C /* SchemeMO+CoreDataClass.swift */; };
		C1BFA4A520C6553600FA366C /* SchemeMO+CoreDataProperties.swift in Sources */ = {isa = PBXBuildFile; fileRef = C1BFA4A320C6553600FA366C /* SchemeMO+CoreDataProperties.swift */; };
		C1BFA4A820C655E200FA366C /* CoreDataManager.swift in Sources */ = {isa = PBXBuildFile; fileRef = C1BFA4A720C655E200FA366C /* CoreDataManager.swift */; };
		C1BFA4AA20C66E8F00FA366C /* TabBarMain.storyboard in Resources */ = {isa = PBXBuildFile; fileRef = C1BFA4A920C66E8F00FA366C /* TabBarMain.storyboard */; };
		C1C7638F20E8CA2300F91E02 /* SchemeNew.swift in Sources */ = {isa = PBXBuildFile; fileRef = C1C7638E20E8CA2300F91E02 /* SchemeNew.swift */; };
		C1C7639120E8CA9400F91E02 /* CustomColor.swift in Sources */ = {isa = PBXBuildFile; fileRef = C1C7639020E8CA9400F91E02 /* CustomColor.swift */; };
		C1CFAEA120B58437008A4CCD /* AppDelegate.swift in Sources */ = {isa = PBXBuildFile; fileRef = C1CFAEA020B58437008A4CCD /* AppDelegate.swift */; };
		C1CFAEA820B58439008A4CCD /* Assets.xcassets in Resources */ = {isa = PBXBuildFile; fileRef = C1CFAEA720B58439008A4CCD /* Assets.xcassets */; };
		C1CFAEAB20B58439008A4CCD /* LaunchScreen.storyboard in Resources */ = {isa = PBXBuildFile; fileRef = C1CFAEA920B58439008A4CCD /* LaunchScreen.storyboard */; };
		C1CFAEB420B5845B008A4CCD /* Scheme.swift in Sources */ = {isa = PBXBuildFile; fileRef = C1CFAEB320B5845B008A4CCD /* Scheme.swift */; };
		C1CFAEB620B58595008A4CCD /* JBBParser.swift in Sources */ = {isa = PBXBuildFile; fileRef = C1CFAEB520B58595008A4CCD /* JBBParser.swift */; };
		C1DEEF7620C2BD35006AFB7C /* Settings.storyboard in Resources */ = {isa = PBXBuildFile; fileRef = C1DEEF7520C2BD35006AFB7C /* Settings.storyboard */; };
		C1DEEF7820C2BED8006AFB7C /* SettingsControllerTableViewController.swift in Sources */ = {isa = PBXBuildFile; fileRef = C1DEEF7720C2BED8006AFB7C /* SettingsControllerTableViewController.swift */; };
		C1DEEF8720C3AAD4006AFB7C /* SchemesList.storyboard in Resources */ = {isa = PBXBuildFile; fileRef = C1DEEF8620C3AAD4006AFB7C /* SchemesList.storyboard */; };
		C1DEEF8920C3AB38006AFB7C /* SchemesListController.swift in Sources */ = {isa = PBXBuildFile; fileRef = C1DEEF8820C3AB38006AFB7C /* SchemesListController.swift */; };
		C1FCB3D620B7B99B001EB3AD /* DrawRectangle.swift in Sources */ = {isa = PBXBuildFile; fileRef = C1FCB3D520B7B99B001EB3AD /* DrawRectangle.swift */; };
		C1FCB3D820B7BA1A001EB3AD /* Scheme.storyboard in Resources */ = {isa = PBXBuildFile; fileRef = C1FCB3D720B7BA1A001EB3AD /* Scheme.storyboard */; };
		C1FCB3DA20B7BA7A001EB3AD /* SchemeController.swift in Sources */ = {isa = PBXBuildFile; fileRef = C1FCB3D920B7BA7A001EB3AD /* SchemeController.swift */; };
/* End PBXBuildFile section */

/* Begin PBXFileReference section */
		C13D0ADF20EA1188000F3677 /* UIColor.swift */ = {isa = PBXFileReference; lastKnownFileType = sourcecode.swift; path = UIColor.swift; sourceTree = "<group>"; };
		C13D0AE120EA11A0000F3677 /* String.swift */ = {isa = PBXFileReference; lastKnownFileType = sourcecode.swift; path = String.swift; sourceTree = "<group>"; };
		C15E10A320F67884001005D3 /* SchemeControllerNew.swift */ = {isa = PBXFileReference; lastKnownFileType = sourcecode.swift; path = SchemeControllerNew.swift; sourceTree = "<group>"; };
		C15E10A720F681B2001005D3 /* InfoTableViewCell.swift */ = {isa = PBXFileReference; lastKnownFileType = sourcecode.swift; path = InfoTableViewCell.swift; sourceTree = "<group>"; };
		C15E10A820F681B2001005D3 /* InfoTableViewCell.xib */ = {isa = PBXFileReference; lastKnownFileType = file.xib; path = InfoTableViewCell.xib; sourceTree = "<group>"; };
		C15F0A5620BFCEC4002BED6F /* Cells.swift */ = {isa = PBXFileReference; lastKnownFileType = sourcecode.swift; path = Cells.swift; sourceTree = "<group>"; };
		C19EC14620BFED230069BCEF /* SchemeCell.swift */ = {isa = PBXFileReference; lastKnownFileType = sourcecode.swift; path = SchemeCell.swift; sourceTree = "<group>"; };
		C1AE266020F33B53001B60F8 /* StringProtocol.swift */ = {isa = PBXFileReference; lastKnownFileType = sourcecode.swift; path = StringProtocol.swift; sourceTree = "<group>"; };
		C1BFA49020C64CF700FA366C /* SchemesListModel.swift */ = {isa = PBXFileReference; lastKnownFileType = sourcecode.swift; path = SchemesListModel.swift; sourceTree = "<group>"; };
		C1BFA49420C6520D00FA366C /* Model.xcdatamodel */ = {isa = PBXFileReference; lastKnownFileType = wrapper.xcdatamodel; path = Model.xcdatamodel; sourceTree = "<group>"; };
		C1BFA4A220C6553600FA366C /* SchemeMO+CoreDataClass.swift */ = {isa = PBXFileReference; lastKnownFileType = sourcecode.swift; path = "SchemeMO+CoreDataClass.swift"; sourceTree = "<group>"; };
		C1BFA4A320C6553600FA366C /* SchemeMO+CoreDataProperties.swift */ = {isa = PBXFileReference; lastKnownFileType = sourcecode.swift; path = "SchemeMO+CoreDataProperties.swift"; sourceTree = "<group>"; };
		C1BFA4A720C655E200FA366C /* CoreDataManager.swift */ = {isa = PBXFileReference; lastKnownFileType = sourcecode.swift; path = CoreDataManager.swift; sourceTree = "<group>"; };
		C1BFA4A920C66E8F00FA366C /* TabBarMain.storyboard */ = {isa = PBXFileReference; lastKnownFileType = file.storyboard; path = TabBarMain.storyboard; sourceTree = "<group>"; };
		C1C7638E20E8CA2300F91E02 /* SchemeNew.swift */ = {isa = PBXFileReference; lastKnownFileType = sourcecode.swift; path = SchemeNew.swift; sourceTree = "<group>"; };
		C1C7639020E8CA9400F91E02 /* CustomColor.swift */ = {isa = PBXFileReference; lastKnownFileType = sourcecode.swift; path = CustomColor.swift; sourceTree = "<group>"; };
		C1CFAE9D20B58437008A4CCD /* JBBApp.app */ = {isa = PBXFileReference; explicitFileType = wrapper.application; includeInIndex = 0; path = JBBApp.app; sourceTree = BUILT_PRODUCTS_DIR; };
		C1CFAEA020B58437008A4CCD /* AppDelegate.swift */ = {isa = PBXFileReference; lastKnownFileType = sourcecode.swift; path = AppDelegate.swift; sourceTree = "<group>"; };
		C1CFAEA720B58439008A4CCD /* Assets.xcassets */ = {isa = PBXFileReference; lastKnownFileType = folder.assetcatalog; path = Assets.xcassets; sourceTree = "<group>"; };
		C1CFAEAA20B58439008A4CCD /* Base */ = {isa = PBXFileReference; lastKnownFileType = file.storyboard; name = Base; path = Base.lproj/LaunchScreen.storyboard; sourceTree = "<group>"; };
		C1CFAEAC20B58439008A4CCD /* Info.plist */ = {isa = PBXFileReference; lastKnownFileType = text.plist.xml; path = Info.plist; sourceTree = "<group>"; };
		C1CFAEB320B5845B008A4CCD /* Scheme.swift */ = {isa = PBXFileReference; lastKnownFileType = sourcecode.swift; path = Scheme.swift; sourceTree = "<group>"; };
		C1CFAEB520B58595008A4CCD /* JBBParser.swift */ = {isa = PBXFileReference; lastKnownFileType = sourcecode.swift; path = JBBParser.swift; sourceTree = "<group>"; };
		C1DEEF7520C2BD35006AFB7C /* Settings.storyboard */ = {isa = PBXFileReference; lastKnownFileType = file.storyboard; path = Settings.storyboard; sourceTree = "<group>"; };
		C1DEEF7720C2BED8006AFB7C /* SettingsControllerTableViewController.swift */ = {isa = PBXFileReference; lastKnownFileType = sourcecode.swift; path = SettingsControllerTableViewController.swift; sourceTree = "<group>"; };
		C1DEEF8620C3AAD4006AFB7C /* SchemesList.storyboard */ = {isa = PBXFileReference; lastKnownFileType = file.storyboard; path = SchemesList.storyboard; sourceTree = "<group>"; };
		C1DEEF8820C3AB38006AFB7C /* SchemesListController.swift */ = {isa = PBXFileReference; lastKnownFileType = sourcecode.swift; path = SchemesListController.swift; sourceTree = "<group>"; };
		C1FCB3D520B7B99B001EB3AD /* DrawRectangle.swift */ = {isa = PBXFileReference; lastKnownFileType = sourcecode.swift; path = DrawRectangle.swift; sourceTree = "<group>"; };
		C1FCB3D720B7BA1A001EB3AD /* Scheme.storyboard */ = {isa = PBXFileReference; lastKnownFileType = file.storyboard; path = Scheme.storyboard; sourceTree = "<group>"; };
		C1FCB3D920B7BA7A001EB3AD /* SchemeController.swift */ = {isa = PBXFileReference; lastKnownFileType = sourcecode.swift; path = SchemeController.swift; sourceTree = "<group>"; };
/* End PBXFileReference section */

/* Begin PBXFrameworksBuildPhase section */
		C1CFAE9A20B58437008A4CCD /* Frameworks */ = {
			isa = PBXFrameworksBuildPhase;
			buildActionMask = 2147483647;
			files = (
			);
			runOnlyForDeploymentPostprocessing = 0;
		};
/* End PBXFrameworksBuildPhase section */

/* Begin PBXGroup section */
		C13D0ADE20EA1173000F3677 /* Extensions */ = {
			isa = PBXGroup;
			children = (
				C13D0ADF20EA1188000F3677 /* UIColor.swift */,
				C13D0AE120EA11A0000F3677 /* String.swift */,
				C1AE266020F33B53001B60F8 /* StringProtocol.swift */,
			);
			path = Extensions;
			sourceTree = "<group>";
		};
		C13D0AE320EA11D3000F3677 /* Models */ = {
			isa = PBXGroup;
			children = (
				C1CFAEB320B5845B008A4CCD /* Scheme.swift */,
			);
			path = Models;
			sourceTree = "<group>";
		};
		C19EC14520BFECF40069BCEF /* Scheme */ = {
			isa = PBXGroup;
			children = (
				C1DEEF8120C3AA19006AFB7C /* Model */,
				C1DEEF8020C3AA15006AFB7C /* View */,
				C1DEEF7F20C3AA0A006AFB7C /* Controller */,
			);
			path = Scheme;
			sourceTree = "<group>";
		};
		C1AE265F20F31A92001B60F8 /* New Models */ = {
			isa = PBXGroup;
			children = (
				C19EC14620BFED230069BCEF /* SchemeCell.swift */,
				C1C7638E20E8CA2300F91E02 /* SchemeNew.swift */,
				C1C7639020E8CA9400F91E02 /* CustomColor.swift */,
			);
			path = "New Models";
			sourceTree = "<group>";
		};
		C1BFA49220C651FA00FA366C /* CoreData */ = {
			isa = PBXGroup;
			children = (
				C1BFA4A620C655B000FA366C /* Entities */,
				C1BFA49320C6520D00FA366C /* Model.xcdatamodeld */,
				C1BFA4A720C655E200FA366C /* CoreDataManager.swift */,
			);
			path = CoreData;
			sourceTree = "<group>";
		};
		C1BFA4A620C655B000FA366C /* Entities */ = {
			isa = PBXGroup;
			children = (
				C1BFA4A220C6553600FA366C /* SchemeMO+CoreDataClass.swift */,
				C1BFA4A320C6553600FA366C /* SchemeMO+CoreDataProperties.swift */,
			);
			path = Entities;
			sourceTree = "<group>";
		};
		C1CFAE9420B58437008A4CCD = {
			isa = PBXGroup;
			children = (
				C1CFAE9F20B58437008A4CCD /* JBBApp */,
				C1CFAE9E20B58437008A4CCD /* Products */,
			);
			sourceTree = "<group>";
		};
		C1CFAE9E20B58437008A4CCD /* Products */ = {
			isa = PBXGroup;
			children = (
				C1CFAE9D20B58437008A4CCD /* JBBApp.app */,
			);
			name = Products;
			sourceTree = "<group>";
		};
		C1CFAE9F20B58437008A4CCD /* JBBApp */ = {
			isa = PBXGroup;
			children = (
				C1AE265F20F31A92001B60F8 /* New Models */,
				C13D0AE320EA11D3000F3677 /* Models */,
				C13D0ADE20EA1173000F3677 /* Extensions */,
				C1DEEF8220C3AA28006AFB7C /* ShemesList */,
				C19EC14520BFECF40069BCEF /* Scheme */,
				C1CFAEB220B58440008A4CCD /* JBBParser */,
				C1DEEF7120C2BCF8006AFB7C /* Settings */,
				C1CFAEA020B58437008A4CCD /* AppDelegate.swift */,
				C1CFAEA720B58439008A4CCD /* Assets.xcassets */,
				C1CFAEA920B58439008A4CCD /* LaunchScreen.storyboard */,
				C1CFAEAC20B58439008A4CCD /* Info.plist */,
				C1BFA4A920C66E8F00FA366C /* TabBarMain.storyboard */,
			);
			path = JBBApp;
			sourceTree = "<group>";
		};
		C1CFAEB220B58440008A4CCD /* JBBParser */ = {
			isa = PBXGroup;
			children = (
				C1CFAEB520B58595008A4CCD /* JBBParser.swift */,
			);
			path = JBBParser;
			sourceTree = "<group>";
		};
		C1DEEF7120C2BCF8006AFB7C /* Settings */ = {
			isa = PBXGroup;
			children = (
				C1DEEF7220C2BCFF006AFB7C /* Model */,
				C1DEEF7320C2BD04006AFB7C /* View */,
				C1DEEF7420C2BD09006AFB7C /* Controller */,
			);
			path = Settings;
			sourceTree = "<group>";
		};
		C1DEEF7220C2BCFF006AFB7C /* Model */ = {
			isa = PBXGroup;
			children = (
			);
			path = Model;
			sourceTree = "<group>";
		};
		C1DEEF7320C2BD04006AFB7C /* View */ = {
			isa = PBXGroup;
			children = (
				C1DEEF7520C2BD35006AFB7C /* Settings.storyboard */,
			);
			path = View;
			sourceTree = "<group>";
		};
		C1DEEF7420C2BD09006AFB7C /* Controller */ = {
			isa = PBXGroup;
			children = (
				C1DEEF7720C2BED8006AFB7C /* SettingsControllerTableViewController.swift */,
			);
			path = Controller;
			sourceTree = "<group>";
		};
		C1DEEF7F20C3AA0A006AFB7C /* Controller */ = {
			isa = PBXGroup;
			children = (
				C15E10A320F67884001005D3 /* SchemeControllerNew.swift */,
				C1FCB3D920B7BA7A001EB3AD /* SchemeController.swift */,
				C1FCB3D520B7B99B001EB3AD /* DrawRectangle.swift */,
				C15F0A5620BFCEC4002BED6F /* Cells.swift */,
				C15E10A720F681B2001005D3 /* InfoTableViewCell.swift */,
			);
			path = Controller;
			sourceTree = "<group>";
		};
		C1DEEF8020C3AA15006AFB7C /* View */ = {
			isa = PBXGroup;
			children = (
				C1FCB3D720B7BA1A001EB3AD /* Scheme.storyboard */,
				C15E10A820F681B2001005D3 /* InfoTableViewCell.xib */,
			);
			path = View;
			sourceTree = "<group>";
		};
		C1DEEF8120C3AA19006AFB7C /* Model */ = {
			isa = PBXGroup;
			children = (
			);
			path = Model;
			sourceTree = "<group>";
		};
		C1DEEF8220C3AA28006AFB7C /* ShemesList */ = {
			isa = PBXGroup;
			children = (
				C1DEEF8520C3AA3E006AFB7C /* Model */,
				C1DEEF8420C3AA39006AFB7C /* View */,
				C1DEEF8320C3AA34006AFB7C /* Controller */,
			);
			path = ShemesList;
			sourceTree = "<group>";
		};
		C1DEEF8320C3AA34006AFB7C /* Controller */ = {
			isa = PBXGroup;
			children = (
				C1DEEF8820C3AB38006AFB7C /* SchemesListController.swift */,
			);
			path = Controller;
			sourceTree = "<group>";
		};
		C1DEEF8420C3AA39006AFB7C /* View */ = {
			isa = PBXGroup;
			children = (
				C1DEEF8620C3AAD4006AFB7C /* SchemesList.storyboard */,
			);
			path = View;
			sourceTree = "<group>";
		};
		C1DEEF8520C3AA3E006AFB7C /* Model */ = {
			isa = PBXGroup;
			children = (
				C1BFA49220C651FA00FA366C /* CoreData */,
				C1BFA49020C64CF700FA366C /* SchemesListModel.swift */,
			);
			path = Model;
			sourceTree = "<group>";
		};
/* End PBXGroup section */

/* Begin PBXNativeTarget section */
		C1CFAE9C20B58437008A4CCD /* JBBApp */ = {
			isa = PBXNativeTarget;
			buildConfigurationList = C1CFAEAF20B58439008A4CCD /* Build configuration list for PBXNativeTarget "JBBApp" */;
			buildPhases = (
				C1CFAE9920B58437008A4CCD /* Sources */,
				C1CFAE9A20B58437008A4CCD /* Frameworks */,
				C1CFAE9B20B58437008A4CCD /* Resources */,
			);
			buildRules = (
			);
			dependencies = (
			);
			name = JBBApp;
			productName = JBBApp;
			productReference = C1CFAE9D20B58437008A4CCD /* JBBApp.app */;
			productType = "com.apple.product-type.application";
		};
/* End PBXNativeTarget section */

/* Begin PBXProject section */
		C1CFAE9520B58437008A4CCD /* Project object */ = {
			isa = PBXProject;
			attributes = {
				LastSwiftUpdateCheck = 0930;
				LastUpgradeCheck = 0930;
				ORGANIZATIONNAME = "Alex Filimonov";
				TargetAttributes = {
					C1CFAE9C20B58437008A4CCD = {
						CreatedOnToolsVersion = 9.3;
					};
				};
			};
			buildConfigurationList = C1CFAE9820B58437008A4CCD /* Build configuration list for PBXProject "JBBApp" */;
			compatibilityVersion = "Xcode 9.3";
			developmentRegion = en;
			hasScannedForEncodings = 0;
			knownRegions = (
				en,
				Base,
			);
			mainGroup = C1CFAE9420B58437008A4CCD;
			productRefGroup = C1CFAE9E20B58437008A4CCD /* Products */;
			projectDirPath = "";
			projectRoot = "";
			targets = (
				C1CFAE9C20B58437008A4CCD /* JBBApp */,
			);
		};
/* End PBXProject section */

/* Begin PBXResourcesBuildPhase section */
		C1CFAE9B20B58437008A4CCD /* Resources */ = {
			isa = PBXResourcesBuildPhase;
			buildActionMask = 2147483647;
			files = (
				C1CFAEAB20B58439008A4CCD /* LaunchScreen.storyboard in Resources */,
				C1BFA4AA20C66E8F00FA366C /* TabBarMain.storyboard in Resources */,
				C15E10AA20F681B2001005D3 /* InfoTableViewCell.xib in Resources */,
				C1DEEF8720C3AAD4006AFB7C /* SchemesList.storyboard in Resources */,
				C1CFAEA820B58439008A4CCD /* Assets.xcassets in Resources */,
				C1FCB3D820B7BA1A001EB3AD /* Scheme.storyboard in Resources */,
				C1DEEF7620C2BD35006AFB7C /* Settings.storyboard in Resources */,
			);
			runOnlyForDeploymentPostprocessing = 0;
		};
/* End PBXResourcesBuildPhase section */

/* Begin PBXSourcesBuildPhase section */
		C1CFAE9920B58437008A4CCD /* Sources */ = {
			isa = PBXSourcesBuildPhase;
			buildActionMask = 2147483647;
			files = (
				C15E10A420F67884001005D3 /* SchemeControllerNew.swift in Sources */,
				C13D0AE220EA11A0000F3677 /* String.swift in Sources */,
				C19EC14720BFED230069BCEF /* SchemeCell.swift in Sources */,
				C1DEEF8920C3AB38006AFB7C /* SchemesListController.swift in Sources */,
				C1C7639120E8CA9400F91E02 /* CustomColor.swift in Sources */,
				C1AE266120F33B53001B60F8 /* StringProtocol.swift in Sources */,
				C15F0A5720BFCEC4002BED6F /* Cells.swift in Sources */,
				C1BFA4A520C6553600FA366C /* SchemeMO+CoreDataProperties.swift in Sources */,
				C1CFAEB620B58595008A4CCD /* JBBParser.swift in Sources */,
				C1CFAEB420B5845B008A4CCD /* Scheme.swift in Sources */,
				C1DEEF7820C2BED8006AFB7C /* SettingsControllerTableViewController.swift in Sources */,
				C1FCB3DA20B7BA7A001EB3AD /* SchemeController.swift in Sources */,
				C1C7638F20E8CA2300F91E02 /* SchemeNew.swift in Sources */,
				C1CFAEA120B58437008A4CCD /* AppDelegate.swift in Sources */,
				C1BFA4A420C6553600FA366C /* SchemeMO+CoreDataClass.swift in Sources */,
				C13D0AE020EA1189000F3677 /* UIColor.swift in Sources */,
				C1FCB3D620B7B99B001EB3AD /* DrawRectangle.swift in Sources */,
				C1BFA49520C6520D00FA366C /* Model.xcdatamodeld in Sources */,
				C15E10A920F681B2001005D3 /* InfoTableViewCell.swift in Sources */,
				C1BFA4A820C655E200FA366C /* CoreDataManager.swift in Sources */,
				C1BFA49120C64CF700FA366C /* SchemesListModel.swift in Sources */,
			);
			runOnlyForDeploymentPostprocessing = 0;
		};
/* End PBXSourcesBuildPhase section */

/* Begin PBXVariantGroup section */
		C1CFAEA920B58439008A4CCD /* LaunchScreen.storyboard */ = {
			isa = PBXVariantGroup;
			children = (
				C1CFAEAA20B58439008A4CCD /* Base */,
			);
			name = LaunchScreen.storyboard;
			sourceTree = "<group>";
		};
/* End PBXVariantGroup section */

/* Begin XCBuildConfiguration section */
		C1CFAEAD20B58439008A4CCD /* Debug */ = {
			isa = XCBuildConfiguration;
			buildSettings = {
				ALWAYS_SEARCH_USER_PATHS = NO;
				CLANG_ANALYZER_NONNULL = YES;
				CLANG_ANALYZER_NUMBER_OBJECT_CONVERSION = YES_AGGRESSIVE;
				CLANG_CXX_LANGUAGE_STANDARD = "gnu++14";
				CLANG_CXX_LIBRARY = "libc++";
				CLANG_ENABLE_MODULES = YES;
				CLANG_ENABLE_OBJC_ARC = YES;
				CLANG_ENABLE_OBJC_WEAK = YES;
				CLANG_WARN_BLOCK_CAPTURE_AUTORELEASING = YES;
				CLANG_WARN_BOOL_CONVERSION = YES;
				CLANG_WARN_COMMA = YES;
				CLANG_WARN_CONSTANT_CONVERSION = YES;
				CLANG_WARN_DEPRECATED_OBJC_IMPLEMENTATIONS = YES;
				CLANG_WARN_DIRECT_OBJC_ISA_USAGE = YES_ERROR;
				CLANG_WARN_DOCUMENTATION_COMMENTS = YES;
				CLANG_WARN_EMPTY_BODY = YES;
				CLANG_WARN_ENUM_CONVERSION = YES;
				CLANG_WARN_INFINITE_RECURSION = YES;
				CLANG_WARN_INT_CONVERSION = YES;
				CLANG_WARN_NON_LITERAL_NULL_CONVERSION = YES;
				CLANG_WARN_OBJC_IMPLICIT_RETAIN_SELF = YES;
				CLANG_WARN_OBJC_LITERAL_CONVERSION = YES;
				CLANG_WARN_OBJC_ROOT_CLASS = YES_ERROR;
				CLANG_WARN_RANGE_LOOP_ANALYSIS = YES;
				CLANG_WARN_STRICT_PROTOTYPES = YES;
				CLANG_WARN_SUSPICIOUS_MOVE = YES;
				CLANG_WARN_UNGUARDED_AVAILABILITY = YES_AGGRESSIVE;
				CLANG_WARN_UNREACHABLE_CODE = YES;
				CLANG_WARN__DUPLICATE_METHOD_MATCH = YES;
				CODE_SIGN_IDENTITY = "iPhone Developer";
				COPY_PHASE_STRIP = NO;
				DEBUG_INFORMATION_FORMAT = dwarf;
				ENABLE_STRICT_OBJC_MSGSEND = YES;
				ENABLE_TESTABILITY = YES;
				GCC_C_LANGUAGE_STANDARD = gnu11;
				GCC_DYNAMIC_NO_PIC = NO;
				GCC_NO_COMMON_BLOCKS = YES;
				GCC_OPTIMIZATION_LEVEL = 0;
				GCC_PREPROCESSOR_DEFINITIONS = (
					"DEBUG=1",
					"$(inherited)",
				);
				GCC_WARN_64_TO_32_BIT_CONVERSION = YES;
				GCC_WARN_ABOUT_RETURN_TYPE = YES_ERROR;
				GCC_WARN_UNDECLARED_SELECTOR = YES;
				GCC_WARN_UNINITIALIZED_AUTOS = YES_AGGRESSIVE;
				GCC_WARN_UNUSED_FUNCTION = YES;
				GCC_WARN_UNUSED_VARIABLE = YES;
				IPHONEOS_DEPLOYMENT_TARGET = 11.3;
				MTL_ENABLE_DEBUG_INFO = YES;
				ONLY_ACTIVE_ARCH = YES;
				SDKROOT = iphoneos;
				SWIFT_ACTIVE_COMPILATION_CONDITIONS = DEBUG;
				SWIFT_OPTIMIZATION_LEVEL = "-Onone";
			};
			name = Debug;
		};
		C1CFAEAE20B58439008A4CCD /* Release */ = {
			isa = XCBuildConfiguration;
			buildSettings = {
				ALWAYS_SEARCH_USER_PATHS = NO;
				CLANG_ANALYZER_NONNULL = YES;
				CLANG_ANALYZER_NUMBER_OBJECT_CONVERSION = YES_AGGRESSIVE;
				CLANG_CXX_LANGUAGE_STANDARD = "gnu++14";
				CLANG_CXX_LIBRARY = "libc++";
				CLANG_ENABLE_MODULES = YES;
				CLANG_ENABLE_OBJC_ARC = YES;
				CLANG_ENABLE_OBJC_WEAK = YES;
				CLANG_WARN_BLOCK_CAPTURE_AUTORELEASING = YES;
				CLANG_WARN_BOOL_CONVERSION = YES;
				CLANG_WARN_COMMA = YES;
				CLANG_WARN_CONSTANT_CONVERSION = YES;
				CLANG_WARN_DEPRECATED_OBJC_IMPLEMENTATIONS = YES;
				CLANG_WARN_DIRECT_OBJC_ISA_USAGE = YES_ERROR;
				CLANG_WARN_DOCUMENTATION_COMMENTS = YES;
				CLANG_WARN_EMPTY_BODY = YES;
				CLANG_WARN_ENUM_CONVERSION = YES;
				CLANG_WARN_INFINITE_RECURSION = YES;
				CLANG_WARN_INT_CONVERSION = YES;
				CLANG_WARN_NON_LITERAL_NULL_CONVERSION = YES;
				CLANG_WARN_OBJC_IMPLICIT_RETAIN_SELF = YES;
				CLANG_WARN_OBJC_LITERAL_CONVERSION = YES;
				CLANG_WARN_OBJC_ROOT_CLASS = YES_ERROR;
				CLANG_WARN_RANGE_LOOP_ANALYSIS = YES;
				CLANG_WARN_STRICT_PROTOTYPES = YES;
				CLANG_WARN_SUSPICIOUS_MOVE = YES;
				CLANG_WARN_UNGUARDED_AVAILABILITY = YES_AGGRESSIVE;
				CLANG_WARN_UNREACHABLE_CODE = YES;
				CLANG_WARN__DUPLICATE_METHOD_MATCH = YES;
				CODE_SIGN_IDENTITY = "iPhone Developer";
				COPY_PHASE_STRIP = NO;
				DEBUG_INFORMATION_FORMAT = "dwarf-with-dsym";
				ENABLE_NS_ASSERTIONS = NO;
				ENABLE_STRICT_OBJC_MSGSEND = YES;
				GCC_C_LANGUAGE_STANDARD = gnu11;
				GCC_NO_COMMON_BLOCKS = YES;
				GCC_WARN_64_TO_32_BIT_CONVERSION = YES;
				GCC_WARN_ABOUT_RETURN_TYPE = YES_ERROR;
				GCC_WARN_UNDECLARED_SELECTOR = YES;
				GCC_WARN_UNINITIALIZED_AUTOS = YES_AGGRESSIVE;
				GCC_WARN_UNUSED_FUNCTION = YES;
				GCC_WARN_UNUSED_VARIABLE = YES;
				IPHONEOS_DEPLOYMENT_TARGET = 11.3;
				MTL_ENABLE_DEBUG_INFO = NO;
				SDKROOT = iphoneos;
				SWIFT_COMPILATION_MODE = wholemodule;
				SWIFT_OPTIMIZATION_LEVEL = "-O";
				VALIDATE_PRODUCT = YES;
			};
			name = Release;
		};
		C1CFAEB020B58439008A4CCD /* Debug */ = {
			isa = XCBuildConfiguration;
			buildSettings = {
				ASSETCATALOG_COMPILER_APPICON_NAME = AppIcon;
				CODE_SIGN_STYLE = Automatic;
				DEVELOPMENT_TEAM = 489RNAA8R2;
				INFOPLIST_FILE = JBBApp/Info.plist;
				LD_RUNPATH_SEARCH_PATHS = (
					"$(inherited)",
					"@executable_path/Frameworks",
				);
				PRODUCT_BUNDLE_IDENTIFIER = ru.alexfilimon.JBBApp;
				PRODUCT_NAME = "$(TARGET_NAME)";
				SWIFT_VERSION = 4.0;
				TARGETED_DEVICE_FAMILY = "1,2";
			};
			name = Debug;
		};
		C1CFAEB120B58439008A4CCD /* Release */ = {
			isa = XCBuildConfiguration;
			buildSettings = {
				ASSETCATALOG_COMPILER_APPICON_NAME = AppIcon;
				CODE_SIGN_STYLE = Automatic;
				DEVELOPMENT_TEAM = 489RNAA8R2;
				INFOPLIST_FILE = JBBApp/Info.plist;
				LD_RUNPATH_SEARCH_PATHS = (
					"$(inherited)",
					"@executable_path/Frameworks",
				);
				PRODUCT_BUNDLE_IDENTIFIER = ru.alexfilimon.JBBApp;
				PRODUCT_NAME = "$(TARGET_NAME)";
				SWIFT_VERSION = 4.0;
				TARGETED_DEVICE_FAMILY = "1,2";
			};
			name = Release;
		};
/* End XCBuildConfiguration section */

/* Begin XCConfigurationList section */
		C1CFAE9820B58437008A4CCD /* Build configuration list for PBXProject "JBBApp" */ = {
			isa = XCConfigurationList;
			buildConfigurations = (
				C1CFAEAD20B58439008A4CCD /* Debug */,
				C1CFAEAE20B58439008A4CCD /* Release */,
			);
			defaultConfigurationIsVisible = 0;
			defaultConfigurationName = Release;
		};
		C1CFAEAF20B58439008A4CCD /* Build configuration list for PBXNativeTarget "JBBApp" */ = {
			isa = XCConfigurationList;
			buildConfigurations = (
				C1CFAEB020B58439008A4CCD /* Debug */,
				C1CFAEB120B58439008A4CCD /* Release */,
			);
			defaultConfigurationIsVisible = 0;
			defaultConfigurationName = Release;
		};
/* End XCConfigurationList section */

/* Begin XCVersionGroup section */
		C1BFA49320C6520D00FA366C /* Model.xcdatamodeld */ = {
			isa = XCVersionGroup;
			children = (
				C1BFA49420C6520D00FA366C /* Model.xcdatamodel */,
			);
			currentVersion = C1BFA49420C6520D00FA366C /* Model.xcdatamodel */;
			path = Model.xcdatamodeld;
			sourceTree = "<group>";
			versionGroupType = wrapper.xcdatamodel;
		};
/* End XCVersionGroup section */
	};
	rootObject = C1CFAE9520B58437008A4CCD /* Project object */;
}
